
Microsoft Visual Studio Solution File, Format Version 12.00
# Visual Studio 15
VisualStudioVersion = 15.0.28307.572
MinimumVisualStudioVersion = 10.0.40219.1
Project("{FAE04EC0-301F-11D3-BF4B-00C04F79EFBC}") = "student0621gitpractice", "student0621gitpractice\student0621gitpractice.csproj", "{03C3566A-6F07-413A-AE55-E69127EB28BA}"
EndProject
Global
	GlobalSection(SolutionConfigurationPlatforms) = preSolution
		Debug|Any CPU = Debug|Any CPU
		Release|Any CPU = Release|Any CPU
	EndGlobalSection
	GlobalSection(ProjectConfigurationPlatforms) = postSolution
		{03C3566A-6F07-413A-AE55-E69127EB28BA}.Debug|Any CPU.ActiveCfg = Debug|Any CPU
		{03C3566A-6F07-413A-AE55-E69127EB28BA}.Debug|Any CPU.Build.0 = Debug|Any CPU
		{03C3566A-6F07-413A-AE55-E69127EB28BA}.Release|Any CPU.ActiveCfg = Release|Any CPU
		{03C3566A-6F07-413A-AE55-E69127EB28BA}.Release|Any CPU.Build.0 = Release|Any CPU
	EndGlobalSection
	GlobalSection(SolutionProperties) = preSolution
		HideSolutionNode = FALSE
	EndGlobalSection
	GlobalSection(ExtensibilityGlobals) = postSolution
		SolutionGuid = {736507D7-1C31-4522-9AFE-301950AA6003}
	EndGlobalSection
EndGlobal
